
Microsoft Visual Studio Solution File, Format Version 12.00
# Visual Studio 15
VisualStudioVersion = 15.0.26430.16
MinimumVisualStudioVersion = 10.0.40219.1
Project("{FAE04EC0-301F-11D3-BF4B-00C04F79EFBC}") = "Tourisam Project", "Tourisam Project\Tourisam Project.csproj", "{F797E55D-CD04-4B50-8DC1-85CBC17BE702}"
EndProject
Global
	GlobalSection(SolutionConfigurationPlatforms) = preSolution
		Debug|Any CPU = Debug|Any CPU
		Release|Any CPU = Release|Any CPU
	EndGlobalSection
	GlobalSection(ProjectConfigurationPlatforms) = postSolution
		{F797E55D-CD04-4B50-8DC1-85CBC17BE702}.Debug|Any CPU.ActiveCfg = Debug|Any CPU
		{F797E55D-CD04-4B50-8DC1-85CBC17BE702}.Debug|Any CPU.Build.0 = Debug|Any CPU
		{F797E55D-CD04-4B50-8DC1-85CBC17BE702}.Release|Any CPU.ActiveCfg = Release|Any CPU
		{F797E55D-CD04-4B50-8DC1-85CBC17BE702}.Release|Any CPU.Build.0 = Release|Any CPU
	EndGlobalSection
	GlobalSection(SolutionProperties) = preSolution
		HideSolutionNode = FALSE
	EndGlobalSection
EndGlobal
